
Microsoft Visual Studio Solution File, Format Version 12.00
# Visual Studio Version 17
VisualStudioVersion = 17.14.36511.14
MinimumVisualStudioVersion = 10.0.40219.1
Project("{FAE04EC0-301F-11D3-BF4B-00C04F79EFBC}") = "BookingPlatform.AppHost", "BookingPlatform.AppHost\BookingPlatform.AppHost.csproj", "{106AAB7B-F05C-40C6-90DB-9CBEF6D0C4F0}"
EndProject
Project("{FAE04EC0-301F-11D3-BF4B-00C04F79EFBC}") = "BookingPlatform.ServiceDefaults", "BookingPlatform.ServiceDefaults\BookingPlatform.ServiceDefaults.csproj", "{6115DD34-4D84-D9BB-B8A3-715C363ADA2A}"
EndProject
Project("{FAE04EC0-301F-11D3-BF4B-00C04F79EFBC}") = "BookingPlatform.ApiService", "BookingPlatform.ApiService\BookingPlatform.ApiService.csproj", "{E3E8E87A-48D3-294B-0F9F-47A765F69711}"
EndProject
Project("{FAE04EC0-301F-11D3-BF4B-00C04F79EFBC}") = "BookingPlatform.Web", "BookingPlatform.Web\BookingPlatform.Web.csproj", "{2CCC90BC-CB9C-0988-0175-EBD8486AEA7C}"
EndProject
Project("{FAE04EC0-301F-11D3-BF4B-00C04F79EFBC}") = "UsersService", "UsersService\UsersService.csproj", "{38306235-6E0E-49D9-A506-4405F42502E1}"
EndProject
Project("{FAE04EC0-301F-11D3-BF4B-00C04F79EFBC}") = "ProvidersService", "ProvidersService\ProvidersService.csproj", "{FBD8E55D-4C43-45EA-A976-28E8D28C2E5B}"
EndProject
Project("{FAE04EC0-301F-11D3-BF4B-00C04F79EFBC}") = "BookingsService", "BookingsService\BookingsService.csproj", "{22369045-531C-4778-BC58-890D7BC7E07B}"
EndProject
Project("{FAE04EC0-301F-11D3-BF4B-00C04F79EFBC}") = "ReviewsService", "ReviewsService\ReviewsService.csproj", "{F35CFE29-5842-4635-A840-56311D154D47}"
EndProject
Project("{FAE04EC0-301F-11D3-BF4B-00C04F79EFBC}") = "NotificationsService", "NotificationsService\NotificationsService.csproj", "{16A90E82-A529-498D-A3F2-7B097050A2A4}"
EndProject
Project("{FAE04EC0-301F-11D3-BF4B-00C04F79EFBC}") = "PaymentsService", "PaymentsService\PaymentsService.csproj", "{1F37FE9C-9B2F-420B-831A-CB8E4592C19D}"
EndProject
Project("{2150E333-8FDC-42A3-9474-1A3956D46DE8}") = "Solution Items", "Solution Items", "{8EC462FD-D22E-90A8-E5CE-7E832BA40C5D}"
	ProjectSection(SolutionItems) = preProject
		‎.gitignore = ‎.gitignore
	EndProjectSection
EndProject
Global
	GlobalSection(SolutionConfigurationPlatforms) = preSolution
		Debug|Any CPU = Debug|Any CPU
		Debug|x64 = Debug|x64
		Debug|x86 = Debug|x86
		Release|Any CPU = Release|Any CPU
		Release|x64 = Release|x64
		Release|x86 = Release|x86
	EndGlobalSection
	GlobalSection(ProjectConfigurationPlatforms) = postSolution
		{106AAB7B-F05C-40C6-90DB-9CBEF6D0C4F0}.Debug|Any CPU.ActiveCfg = Debug|Any CPU
		{106AAB7B-F05C-40C6-90DB-9CBEF6D0C4F0}.Debug|Any CPU.Build.0 = Debug|Any CPU
		{106AAB7B-F05C-40C6-90DB-9CBEF6D0C4F0}.Debug|x64.ActiveCfg = Debug|Any CPU
		{106AAB7B-F05C-40C6-90DB-9CBEF6D0C4F0}.Debug|x64.Build.0 = Debug|Any CPU
		{106AAB7B-F05C-40C6-90DB-9CBEF6D0C4F0}.Debug|x86.ActiveCfg = Debug|Any CPU
		{106AAB7B-F05C-40C6-90DB-9CBEF6D0C4F0}.Debug|x86.Build.0 = Debug|Any CPU
		{106AAB7B-F05C-40C6-90DB-9CBEF6D0C4F0}.Release|Any CPU.ActiveCfg = Release|Any CPU
		{106AAB7B-F05C-40C6-90DB-9CBEF6D0C4F0}.Release|Any CPU.Build.0 = Release|Any CPU
		{106AAB7B-F05C-40C6-90DB-9CBEF6D0C4F0}.Release|x64.ActiveCfg = Release|Any CPU
		{106AAB7B-F05C-40C6-90DB-9CBEF6D0C4F0}.Release|x64.Build.0 = Release|Any CPU
		{106AAB7B-F05C-40C6-90DB-9CBEF6D0C4F0}.Release|x86.ActiveCfg = Release|Any CPU
		{106AAB7B-F05C-40C6-90DB-9CBEF6D0C4F0}.Release|x86.Build.0 = Release|Any CPU
		{6115DD34-4D84-D9BB-B8A3-715C363ADA2A}.Debug|Any CPU.ActiveCfg = Debug|Any CPU
		{6115DD34-4D84-D9BB-B8A3-715C363ADA2A}.Debug|Any CPU.Build.0 = Debug|Any CPU
		{6115DD34-4D84-D9BB-B8A3-715C363ADA2A}.Debug|x64.ActiveCfg = Debug|Any CPU
		{6115DD34-4D84-D9BB-B8A3-715C363ADA2A}.Debug|x64.Build.0 = Debug|Any CPU
		{6115DD34-4D84-D9BB-B8A3-715C363ADA2A}.Debug|x86.ActiveCfg = Debug|Any CPU
		{6115DD34-4D84-D9BB-B8A3-715C363ADA2A}.Debug|x86.Build.0 = Debug|Any CPU
		{6115DD34-4D84-D9BB-B8A3-715C363ADA2A}.Release|Any CPU.ActiveCfg = Release|Any CPU
		{6115DD34-4D84-D9BB-B8A3-715C363ADA2A}.Release|Any CPU.Build.0 = Release|Any CPU
		{6115DD34-4D84-D9BB-B8A3-715C363ADA2A}.Release|x64.ActiveCfg = Release|Any CPU
		{6115DD34-4D84-D9BB-B8A3-715C363ADA2A}.Release|x64.Build.0 = Release|Any CPU
		{6115DD34-4D84-D9BB-B8A3-715C363ADA2A}.Release|x86.ActiveCfg = Release|Any CPU
		{6115DD34-4D84-D9BB-B8A3-715C363ADA2A}.Release|x86.Build.0 = Release|Any CPU
		{E3E8E87A-48D3-294B-0F9F-47A765F69711}.Debug|Any CPU.ActiveCfg = Debug|Any CPU
		{E3E8E87A-48D3-294B-0F9F-47A765F69711}.Debug|Any CPU.Build.0 = Debug|Any CPU
		{E3E8E87A-48D3-294B-0F9F-47A765F69711}.Debug|x64.ActiveCfg = Debug|Any CPU
		{E3E8E87A-48D3-294B-0F9F-47A765F69711}.Debug|x64.Build.0 = Debug|Any CPU
		{E3E8E87A-48D3-294B-0F9F-47A765F69711}.Debug|x86.ActiveCfg = Debug|Any CPU
		{E3E8E87A-48D3-294B-0F9F-47A765F69711}.Debug|x86.Build.0 = Debug|Any CPU
		{E3E8E87A-48D3-294B-0F9F-47A765F69711}.Release|Any CPU.ActiveCfg = Release|Any CPU
		{E3E8E87A-48D3-294B-0F9F-47A765F69711}.Release|Any CPU.Build.0 = Release|Any CPU
		{E3E8E87A-48D3-294B-0F9F-47A765F69711}.Release|x64.ActiveCfg = Release|Any CPU
		{E3E8E87A-48D3-294B-0F9F-47A765F69711}.Release|x64.Build.0 = Release|Any CPU
		{E3E8E87A-48D3-294B-0F9F-47A765F69711}.Release|x86.ActiveCfg = Release|Any CPU
		{E3E8E87A-48D3-294B-0F9F-47A765F69711}.Release|x86.Build.0 = Release|Any CPU
		{2CCC90BC-CB9C-0988-0175-EBD8486AEA7C}.Debug|Any CPU.ActiveCfg = Debug|Any CPU
		{2CCC90BC-CB9C-0988-0175-EBD8486AEA7C}.Debug|Any CPU.Build.0 = Debug|Any CPU
		{2CCC90BC-CB9C-0988-0175-EBD8486AEA7C}.Debug|x64.ActiveCfg = Debug|Any CPU
		{2CCC90BC-CB9C-0988-0175-EBD8486AEA7C}.Debug|x64.Build.0 = Debug|Any CPU
		{2CCC90BC-CB9C-0988-0175-EBD8486AEA7C}.Debug|x86.ActiveCfg = Debug|Any CPU
		{2CCC90BC-CB9C-0988-0175-EBD8486AEA7C}.Debug|x86.Build.0 = Debug|Any CPU
		{2CCC90BC-CB9C-0988-0175-EBD8486AEA7C}.Release|Any CPU.ActiveCfg = Release|Any CPU
		{2CCC90BC-CB9C-0988-0175-EBD8486AEA7C}.Release|Any CPU.Build.0 = Release|Any CPU
		{2CCC90BC-CB9C-0988-0175-EBD8486AEA7C}.Release|x64.ActiveCfg = Release|Any CPU
		{2CCC90BC-CB9C-0988-0175-EBD8486AEA7C}.Release|x64.Build.0 = Release|Any CPU
		{2CCC90BC-CB9C-0988-0175-EBD8486AEA7C}.Release|x86.ActiveCfg = Release|Any CPU
		{2CCC90BC-CB9C-0988-0175-EBD8486AEA7C}.Release|x86.Build.0 = Release|Any CPU
		{38306235-6E0E-49D9-A506-4405F42502E1}.Debug|Any CPU.ActiveCfg = Debug|Any CPU
		{38306235-6E0E-49D9-A506-4405F42502E1}.Debug|Any CPU.Build.0 = Debug|Any CPU
		{38306235-6E0E-49D9-A506-4405F42502E1}.Debug|x64.ActiveCfg = Debug|Any CPU
		{38306235-6E0E-49D9-A506-4405F42502E1}.Debug|x64.Build.0 = Debug|Any CPU
		{38306235-6E0E-49D9-A506-4405F42502E1}.Debug|x86.ActiveCfg = Debug|Any CPU
		{38306235-6E0E-49D9-A506-4405F42502E1}.Debug|x86.Build.0 = Debug|Any CPU
		{38306235-6E0E-49D9-A506-4405F42502E1}.Release|Any CPU.ActiveCfg = Release|Any CPU
		{38306235-6E0E-49D9-A506-4405F42502E1}.Release|Any CPU.Build.0 = Release|Any CPU
		{38306235-6E0E-49D9-A506-4405F42502E1}.Release|x64.ActiveCfg = Release|Any CPU
		{38306235-6E0E-49D9-A506-4405F42502E1}.Release|x64.Build.0 = Release|Any CPU
		{38306235-6E0E-49D9-A506-4405F42502E1}.Release|x86.ActiveCfg = Release|Any CPU
		{38306235-6E0E-49D9-A506-4405F42502E1}.Release|x86.Build.0 = Release|Any CPU
		{FBD8E55D-4C43-45EA-A976-28E8D28C2E5B}.Debug|Any CPU.ActiveCfg = Debug|Any CPU
		{FBD8E55D-4C43-45EA-A976-28E8D28C2E5B}.Debug|Any CPU.Build.0 = Debug|Any CPU
		{FBD8E55D-4C43-45EA-A976-28E8D28C2E5B}.Debug|x64.ActiveCfg = Debug|Any CPU
		{FBD8E55D-4C43-45EA-A976-28E8D28C2E5B}.Debug|x64.Build.0 = Debug|Any CPU
		{FBD8E55D-4C43-45EA-A976-28E8D28C2E5B}.Debug|x86.ActiveCfg = Debug|Any CPU
		{FBD8E55D-4C43-45EA-A976-28E8D28C2E5B}.Debug|x86.Build.0 = Debug|Any CPU
		{FBD8E55D-4C43-45EA-A976-28E8D28C2E5B}.Release|Any CPU.ActiveCfg = Release|Any CPU
		{FBD8E55D-4C43-45EA-A976-28E8D28C2E5B}.Release|Any CPU.Build.0 = Release|Any CPU
		{FBD8E55D-4C43-45EA-A976-28E8D28C2E5B}.Release|x64.ActiveCfg = Release|Any CPU
		{FBD8E55D-4C43-45EA-A976-28E8D28C2E5B}.Release|x64.Build.0 = Release|Any CPU
		{FBD8E55D-4C43-45EA-A976-28E8D28C2E5B}.Release|x86.ActiveCfg = Release|Any CPU
		{FBD8E55D-4C43-45EA-A976-28E8D28C2E5B}.Release|x86.Build.0 = Release|Any CPU
		{22369045-531C-4778-BC58-890D7BC7E07B}.Debug|Any CPU.ActiveCfg = Debug|Any CPU
		{22369045-531C-4778-BC58-890D7BC7E07B}.Debug|Any CPU.Build.0 = Debug|Any CPU
		{22369045-531C-4778-BC58-890D7BC7E07B}.Debug|x64.ActiveCfg = Debug|Any CPU
		{22369045-531C-4778-BC58-890D7BC7E07B}.Debug|x64.Build.0 = Debug|Any CPU
		{22369045-531C-4778-BC58-890D7BC7E07B}.Debug|x86.ActiveCfg = Debug|Any CPU
		{22369045-531C-4778-BC58-890D7BC7E07B}.Debug|x86.Build.0 = Debug|Any CPU
		{22369045-531C-4778-BC58-890D7BC7E07B}.Release|Any CPU.ActiveCfg = Release|Any CPU
		{22369045-531C-4778-BC58-890D7BC7E07B}.Release|Any CPU.Build.0 = Release|Any CPU
		{22369045-531C-4778-BC58-890D7BC7E07B}.Release|x64.ActiveCfg = Release|Any CPU
		{22369045-531C-4778-BC58-890D7BC7E07B}.Release|x64.Build.0 = Release|Any CPU
		{22369045-531C-4778-BC58-890D7BC7E07B}.Release|x86.ActiveCfg = Release|Any CPU
		{22369045-531C-4778-BC58-890D7BC7E07B}.Release|x86.Build.0 = Release|Any CPU
		{F35CFE29-5842-4635-A840-56311D154D47}.Debug|Any CPU.ActiveCfg = Debug|Any CPU
		{F35CFE29-5842-4635-A840-56311D154D47}.Debug|Any CPU.Build.0 = Debug|Any CPU
		{F35CFE29-5842-4635-A840-56311D154D47}.Debug|x64.ActiveCfg = Debug|Any CPU
		{F35CFE29-5842-4635-A840-56311D154D47}.Debug|x64.Build.0 = Debug|Any CPU
		{F35CFE29-5842-4635-A840-56311D154D47}.Debug|x86.ActiveCfg = Debug|Any CPU
		{F35CFE29-5842-4635-A840-56311D154D47}.Debug|x86.Build.0 = Debug|Any CPU
		{F35CFE29-5842-4635-A840-56311D154D47}.Release|Any CPU.ActiveCfg = Release|Any CPU
		{F35CFE29-5842-4635-A840-56311D154D47}.Release|Any CPU.Build.0 = Release|Any CPU
		{F35CFE29-5842-4635-A840-56311D154D47}.Release|x64.ActiveCfg = Release|Any CPU
		{F35CFE29-5842-4635-A840-56311D154D47}.Release|x64.Build.0 = Release|Any CPU
		{F35CFE29-5842-4635-A840-56311D154D47}.Release|x86.ActiveCfg = Release|Any CPU
		{F35CFE29-5842-4635-A840-56311D154D47}.Release|x86.Build.0 = Release|Any CPU
		{16A90E82-A529-498D-A3F2-7B097050A2A4}.Debug|Any CPU.ActiveCfg = Debug|Any CPU
		{16A90E82-A529-498D-A3F2-7B097050A2A4}.Debug|Any CPU.Build.0 = Debug|Any CPU
		{16A90E82-A529-498D-A3F2-7B097050A2A4}.Debug|x64.ActiveCfg = Debug|Any CPU
		{16A90E82-A529-498D-A3F2-7B097050A2A4}.Debug|x64.Build.0 = Debug|Any CPU
		{16A90E82-A529-498D-A3F2-7B097050A2A4}.Debug|x86.ActiveCfg = Debug|Any CPU
		{16A90E82-A529-498D-A3F2-7B097050A2A4}.Debug|x86.Build.0 = Debug|Any CPU
		{16A90E82-A529-498D-A3F2-7B097050A2A4}.Release|Any CPU.ActiveCfg = Release|Any CPU
		{16A90E82-A529-498D-A3F2-7B097050A2A4}.Release|Any CPU.Build.0 = Release|Any CPU
		{16A90E82-A529-498D-A3F2-7B097050A2A4}.Release|x64.ActiveCfg = Release|Any CPU
		{16A90E82-A529-498D-A3F2-7B097050A2A4}.Release|x64.Build.0 = Release|Any CPU
		{16A90E82-A529-498D-A3F2-7B097050A2A4}.Release|x86.ActiveCfg = Release|Any CPU
		{16A90E82-A529-498D-A3F2-7B097050A2A4}.Release|x86.Build.0 = Release|Any CPU
		{1F37FE9C-9B2F-420B-831A-CB8E4592C19D}.Debug|Any CPU.ActiveCfg = Debug|Any CPU
		{1F37FE9C-9B2F-420B-831A-CB8E4592C19D}.Debug|Any CPU.Build.0 = Debug|Any CPU
		{1F37FE9C-9B2F-420B-831A-CB8E4592C19D}.Debug|x64.ActiveCfg = Debug|Any CPU
		{1F37FE9C-9B2F-420B-831A-CB8E4592C19D}.Debug|x64.Build.0 = Debug|Any CPU
		{1F37FE9C-9B2F-420B-831A-CB8E4592C19D}.Debug|x86.ActiveCfg = Debug|Any CPU
		{1F37FE9C-9B2F-420B-831A-CB8E4592C19D}.Debug|x86.Build.0 = Debug|Any CPU
		{1F37FE9C-9B2F-420B-831A-CB8E4592C19D}.Release|Any CPU.ActiveCfg = Release|Any CPU
		{1F37FE9C-9B2F-420B-831A-CB8E4592C19D}.Release|Any CPU.Build.0 = Release|Any CPU
		{1F37FE9C-9B2F-420B-831A-CB8E4592C19D}.Release|x64.ActiveCfg = Release|Any CPU
		{1F37FE9C-9B2F-420B-831A-CB8E4592C19D}.Release|x64.Build.0 = Release|Any CPU
		{1F37FE9C-9B2F-420B-831A-CB8E4592C19D}.Release|x86.ActiveCfg = Release|Any CPU
		{1F37FE9C-9B2F-420B-831A-CB8E4592C19D}.Release|x86.Build.0 = Release|Any CPU
	EndGlobalSection
	GlobalSection(SolutionProperties) = preSolution
		HideSolutionNode = FALSE
	EndGlobalSection
	GlobalSection(ExtensibilityGlobals) = postSolution
		SolutionGuid = {8B60EEF4-6DE6-4C5E-957F-B750C79FE829}
	EndGlobalSection
EndGlobal
