
Microsoft Visual Studio Solution File, Format Version 12.00
# Visual Studio Version 17
VisualStudioVersion = 17.14.36511.14
MinimumVisualStudioVersion = 10.0.40219.1
Project("{FAE04EC0-301F-11D3-BF4B-00C04F79EFBC}") = "BookingPlatform.AppHost", "BookingPlatform.AppHost\BookingPlatform.AppHost.csproj", "{106AAB7B-F05C-40C6-90DB-9CBEF6D0C4F0}"
EndProject
Project("{2150E333-8FDC-42A3-9474-1A3956D46DE8}") = "ProvidersService", "ProvidersService", "{620FB910-4118-ABB0-407C-5BF54056B6CA}"
EndProject
Project("{FAE04EC0-301F-11D3-BF4B-00C04F79EFBC}") = "ProvidersService.API", "ProvidersService\ProvidersService.API\ProvidersService.API.csproj", "{51D2AD37-A9EC-407E-ACE1-CE0EBB589C21}"
EndProject
Project("{FAE04EC0-301F-11D3-BF4B-00C04F79EFBC}") = "ProvidersService.Application", "ProvidersService\ProvidersService.Application\ProvidersService.Application.csproj", "{4E98BAAB-9874-4B59-BD65-99A3F3E7CB80}"
EndProject
Project("{FAE04EC0-301F-11D3-BF4B-00C04F79EFBC}") = "ProvidersService.Domain", "ProvidersService\ProvidersService.Domain\ProvidersService.Domain.csproj", "{B0D1C373-86C5-4581-89E6-5AA83AB34521}"
EndProject
Project("{FAE04EC0-301F-11D3-BF4B-00C04F79EFBC}") = "ProvidersService.Infrastructure", "ProvidersService\ProvidersService.Infrastructure\ProvidersService.Infrastructure.csproj", "{DCC0FDEC-5184-4ACD-B845-8B8D6AD62BBC}"
EndProject
Project("{FAE04EC0-301F-11D3-BF4B-00C04F79EFBC}") = "ProvidersService.Models", "ProvidersService\ProvidersService.Models\ProvidersService.Models.csproj", "{1E02F2EA-AC87-48F5-BE2E-E61F535C6902}"
EndProject
Project("{2150E333-8FDC-42A3-9474-1A3956D46DE8}") = "BookingsService", "BookingsService", "{C955133F-FFF9-0F20-8BDF-92066994E702}"
EndProject
Project("{FAE04EC0-301F-11D3-BF4B-00C04F79EFBC}") = "BookingsService.API", "BookingsService\BookingsService.API\BookingsService.API.csproj", "{CD536BF2-1A00-4573-97A3-381D90F518A1}"
EndProject
Project("{FAE04EC0-301F-11D3-BF4B-00C04F79EFBC}") = "BookingsService.Application", "BookingsService\BookingsService.Application\BookingsService.Application.csproj", "{D8D32D70-0EB1-4412-95FA-8E572A68A1C7}"
EndProject
Project("{FAE04EC0-301F-11D3-BF4B-00C04F79EFBC}") = "BookingsService.Domain", "BookingsService\BookingsService.Domain\BookingsService.Domain.csproj", "{612EEA72-8D7F-4C98-AA5A-941C49063E5B}"
EndProject
Project("{FAE04EC0-301F-11D3-BF4B-00C04F79EFBC}") = "BookingsService.Infrastructure", "BookingsService\BookingsService.Infrastructure\BookingsService.Infrastructure.csproj", "{610ED2AF-D399-483E-8145-FCA619773E82}"
EndProject
Project("{FAE04EC0-301F-11D3-BF4B-00C04F79EFBC}") = "BookingsService.Models", "BookingsService\BookingsService.Models\BookingsService.Models.csproj", "{7600B092-B5E6-47F5-A98F-98C0E33DD572}"
EndProject
Project("{2150E333-8FDC-42A3-9474-1A3956D46DE8}") = "ReviewsService", "ReviewsService", "{3883A098-3032-D450-A8CD-57CD959B7C02}"
EndProject
Project("{FAE04EC0-301F-11D3-BF4B-00C04F79EFBC}") = "ReviewsService.API", "ReviewsService\ReviewsService.API\ReviewsService.API.csproj", "{32C5C3C4-14E8-412B-BEB0-4F55633B4AFC}"
EndProject
Project("{FAE04EC0-301F-11D3-BF4B-00C04F79EFBC}") = "ReviewsService.Application", "ReviewsService\ReviewsService.Application\ReviewsService.Application.csproj", "{3126A8A7-B711-410A-B615-6323714C1EC0}"
EndProject
Project("{FAE04EC0-301F-11D3-BF4B-00C04F79EFBC}") = "ReviewsService.Domain", "ReviewsService\ReviewsService.Domain\ReviewsService.Domain.csproj", "{63D6C076-3C26-4D76-BDE0-A64A958A408C}"
EndProject
Project("{FAE04EC0-301F-11D3-BF4B-00C04F79EFBC}") = "ReviewsService.Infrastructure", "ReviewsService\ReviewsService.Infrastructure\ReviewsService.Infrastructure.csproj", "{D6FD5CED-7A05-4656-A133-CA6AD8C7F4FB}"
EndProject
Project("{FAE04EC0-301F-11D3-BF4B-00C04F79EFBC}") = "ReviewsService.Models", "ReviewsService\ReviewsService.Models\ReviewsService.Models.csproj", "{882636F9-FC37-47A8-9562-1E8B7EC5392D}"
EndProject
Project("{2150E333-8FDC-42A3-9474-1A3956D46DE8}") = "NotificationsService", "NotificationsService", "{AE4121C3-3648-A877-428C-FE25BB8864A3}"
EndProject
Project("{FAE04EC0-301F-11D3-BF4B-00C04F79EFBC}") = "NotificationsService.API", "NotificationsService\NotificationsService.API\NotificationsService.API.csproj", "{4E815E0A-43F2-4E4E-8912-9789ABF01782}"
EndProject
Project("{FAE04EC0-301F-11D3-BF4B-00C04F79EFBC}") = "NotificationsService.Application", "NotificationsService\NotificationsService.Application\NotificationsService.Application.csproj", "{84464721-F46D-49BA-A437-CC3FA489F49B}"
EndProject
Project("{FAE04EC0-301F-11D3-BF4B-00C04F79EFBC}") = "NotificationsService.Domain", "NotificationsService\NotificationsService.Domain\NotificationsService.Domain.csproj", "{5997EB81-79C8-43D3-A767-C864453E0DD1}"
EndProject
Project("{FAE04EC0-301F-11D3-BF4B-00C04F79EFBC}") = "NotificationsService.Infrastructure", "NotificationsService\NotificationsService.Infrastructure\NotificationsService.Infrastructure.csproj", "{E3534EEE-7A1E-459D-919A-CCCC1C3BAC60}"
EndProject
Project("{FAE04EC0-301F-11D3-BF4B-00C04F79EFBC}") = "NotificationsService.Models", "NotificationsService\NotificationsService.Models\NotificationsService.Models.csproj", "{E6B9FCE7-D4EA-4EF7-9312-CDAA2A5038C0}"
EndProject
Project("{2150E333-8FDC-42A3-9474-1A3956D46DE8}") = "PaymentsService", "PaymentsService", "{9D336D58-06C2-9902-02CD-1CE8C0AA54EA}"
EndProject
Project("{FAE04EC0-301F-11D3-BF4B-00C04F79EFBC}") = "PaymentsService.API", "PaymentsService\PaymentsService.API\PaymentsService.API.csproj", "{5CD39FF8-CD86-4A98-8183-BB89E25B0EA0}"
EndProject
Project("{FAE04EC0-301F-11D3-BF4B-00C04F79EFBC}") = "PaymentsService.Application", "PaymentsService\PaymentsService.Application\PaymentsService.Application.csproj", "{030BF846-8B63-4885-B38C-82371B7ED2E2}"
EndProject
Project("{FAE04EC0-301F-11D3-BF4B-00C04F79EFBC}") = "PaymentsService.Domain", "PaymentsService\PaymentsService.Domain\PaymentsService.Domain.csproj", "{8DBF1B45-BDDC-4B91-9BB1-E815F0063CD6}"
EndProject
Project("{FAE04EC0-301F-11D3-BF4B-00C04F79EFBC}") = "PaymentsService.Infrastructure", "PaymentsService\PaymentsService.Infrastructure\PaymentsService.Infrastructure.csproj", "{D0C00404-FB8F-4553-B3D9-B1342D70D4E2}"
EndProject
Project("{FAE04EC0-301F-11D3-BF4B-00C04F79EFBC}") = "PaymentsService.Models", "PaymentsService\PaymentsService.Models\PaymentsService.Models.csproj", "{876F0D24-8B17-425C-B3C4-EE7ECBA61992}"
EndProject
Project("{2150E333-8FDC-42A3-9474-1A3956D46DE8}") = "UsersService", "UsersService", "{9322E270-724D-8072-3052-5D80E5F67771}"
EndProject
Project("{FAE04EC0-301F-11D3-BF4B-00C04F79EFBC}") = "UsersService.API", "UsersService\UsersService.API\UsersService.API.csproj", "{5409D23F-417B-4187-88E9-FC244D969452}"
EndProject
Project("{FAE04EC0-301F-11D3-BF4B-00C04F79EFBC}") = "UsersService.Application", "UsersService\UsersService.Application\UsersService.Application.csproj", "{49662DED-A009-4B8D-BEAF-7603E9E18E5A}"
EndProject
Project("{FAE04EC0-301F-11D3-BF4B-00C04F79EFBC}") = "UsersService.Domain", "UsersService\UsersService.Domain\UsersService.Domain.csproj", "{6297B4B0-4A8B-4B5B-B5FF-F42754ED1D53}"
EndProject
Project("{FAE04EC0-301F-11D3-BF4B-00C04F79EFBC}") = "UsersService.Infrastructure", "UsersService\UsersService.Infrastructure\UsersService.Infrastructure.csproj", "{A7CA9E35-5311-4679-AEDF-B5F026C32F13}"
EndProject
Project("{FAE04EC0-301F-11D3-BF4B-00C04F79EFBC}") = "UsersService.Models", "UsersService\UsersService.Models\UsersService.Models.csproj", "{83CAB729-B9AC-4CF7-82A2-26FC02D03FB0}"
EndProject
Project("{FAE04EC0-301F-11D3-BF4B-00C04F79EFBC}") = "SmartServices.Gateway.Public", "gateway\Public\SmartServices.Gateway.Public.csproj", "{FAEC2C64-1E55-F4D1-93AC-347C3817E44D}"
EndProject
Project("{2150E333-8FDC-42A3-9474-1A3956D46DE8}") = "Framework", "Framework", "{02EA681E-C7D8-13C7-8484-4AC65E1B71E8}"
EndProject
Project("{FAE04EC0-301F-11D3-BF4B-00C04F79EFBC}") = "SmartServices.Framework.Core", "framework\core\SmartServices.Framework.Core.csproj", "{7C14ADBE-7355-B322-D20A-524A3C14AA6A}"
EndProject
Project("{FAE04EC0-301F-11D3-BF4B-00C04F79EFBC}") = "SmartServices.Framework.Domain", "framework\domain\SmartServices.Framework.Domain.csproj", "{CABCE9DA-9FB5-897A-A40F-12397FE7FF83}"
EndProject
Project("{FAE04EC0-301F-11D3-BF4B-00C04F79EFBC}") = "SmartServices.Framework.Utilities", "framework\utilities\SmartServices.Framework.Utilities.csproj", "{BE4D1B17-16DD-0F6F-AD6F-98F96CB0EC65}"
EndProject
Project("{FAE04EC0-301F-11D3-BF4B-00C04F79EFBC}") = "SmartServices.Framework.Web", "framework\web\SmartServices.Framework.Web.csproj", "{41C08B9F-CD9A-497B-1B34-6AD0EECB088B}"
EndProject
Global
	GlobalSection(SolutionConfigurationPlatforms) = preSolution
		Debug|Any CPU = Debug|Any CPU
		Debug|x64 = Debug|x64
		Debug|x86 = Debug|x86
		Release|Any CPU = Release|Any CPU
		Release|x64 = Release|x64
		Release|x86 = Release|x86
	EndGlobalSection
	GlobalSection(ProjectConfigurationPlatforms) = postSolution
		{106AAB7B-F05C-40C6-90DB-9CBEF6D0C4F0}.Debug|Any CPU.ActiveCfg = Debug|Any CPU
		{106AAB7B-F05C-40C6-90DB-9CBEF6D0C4F0}.Debug|Any CPU.Build.0 = Debug|Any CPU
		{106AAB7B-F05C-40C6-90DB-9CBEF6D0C4F0}.Debug|x64.ActiveCfg = Debug|Any CPU
		{106AAB7B-F05C-40C6-90DB-9CBEF6D0C4F0}.Debug|x64.Build.0 = Debug|Any CPU
		{106AAB7B-F05C-40C6-90DB-9CBEF6D0C4F0}.Debug|x86.ActiveCfg = Debug|Any CPU
		{106AAB7B-F05C-40C6-90DB-9CBEF6D0C4F0}.Debug|x86.Build.0 = Debug|Any CPU
		{106AAB7B-F05C-40C6-90DB-9CBEF6D0C4F0}.Release|Any CPU.ActiveCfg = Release|Any CPU
		{106AAB7B-F05C-40C6-90DB-9CBEF6D0C4F0}.Release|Any CPU.Build.0 = Release|Any CPU
		{106AAB7B-F05C-40C6-90DB-9CBEF6D0C4F0}.Release|x64.ActiveCfg = Release|Any CPU
		{106AAB7B-F05C-40C6-90DB-9CBEF6D0C4F0}.Release|x64.Build.0 = Release|Any CPU
		{106AAB7B-F05C-40C6-90DB-9CBEF6D0C4F0}.Release|x86.ActiveCfg = Release|Any CPU
		{106AAB7B-F05C-40C6-90DB-9CBEF6D0C4F0}.Release|x86.Build.0 = Release|Any CPU
		{51D2AD37-A9EC-407E-ACE1-CE0EBB589C21}.Debug|Any CPU.ActiveCfg = Debug|Any CPU
		{51D2AD37-A9EC-407E-ACE1-CE0EBB589C21}.Debug|Any CPU.Build.0 = Debug|Any CPU
		{51D2AD37-A9EC-407E-ACE1-CE0EBB589C21}.Debug|x64.ActiveCfg = Debug|Any CPU
		{51D2AD37-A9EC-407E-ACE1-CE0EBB589C21}.Debug|x64.Build.0 = Debug|Any CPU
		{51D2AD37-A9EC-407E-ACE1-CE0EBB589C21}.Debug|x86.ActiveCfg = Debug|Any CPU
		{51D2AD37-A9EC-407E-ACE1-CE0EBB589C21}.Debug|x86.Build.0 = Debug|Any CPU
		{51D2AD37-A9EC-407E-ACE1-CE0EBB589C21}.Release|Any CPU.ActiveCfg = Release|Any CPU
		{51D2AD37-A9EC-407E-ACE1-CE0EBB589C21}.Release|Any CPU.Build.0 = Release|Any CPU
		{51D2AD37-A9EC-407E-ACE1-CE0EBB589C21}.Release|x64.ActiveCfg = Release|Any CPU
		{51D2AD37-A9EC-407E-ACE1-CE0EBB589C21}.Release|x64.Build.0 = Release|Any CPU
		{51D2AD37-A9EC-407E-ACE1-CE0EBB589C21}.Release|x86.ActiveCfg = Release|Any CPU
		{51D2AD37-A9EC-407E-ACE1-CE0EBB589C21}.Release|x86.Build.0 = Release|Any CPU
		{4E98BAAB-9874-4B59-BD65-99A3F3E7CB80}.Debug|Any CPU.ActiveCfg = Debug|Any CPU
		{4E98BAAB-9874-4B59-BD65-99A3F3E7CB80}.Debug|Any CPU.Build.0 = Debug|Any CPU
		{4E98BAAB-9874-4B59-BD65-99A3F3E7CB80}.Debug|x64.ActiveCfg = Debug|Any CPU
		{4E98BAAB-9874-4B59-BD65-99A3F3E7CB80}.Debug|x64.Build.0 = Debug|Any CPU
		{4E98BAAB-9874-4B59-BD65-99A3F3E7CB80}.Debug|x86.ActiveCfg = Debug|Any CPU
		{4E98BAAB-9874-4B59-BD65-99A3F3E7CB80}.Debug|x86.Build.0 = Debug|Any CPU
		{4E98BAAB-9874-4B59-BD65-99A3F3E7CB80}.Release|Any CPU.ActiveCfg = Release|Any CPU
		{4E98BAAB-9874-4B59-BD65-99A3F3E7CB80}.Release|Any CPU.Build.0 = Release|Any CPU
		{4E98BAAB-9874-4B59-BD65-99A3F3E7CB80}.Release|x64.ActiveCfg = Release|Any CPU
		{4E98BAAB-9874-4B59-BD65-99A3F3E7CB80}.Release|x64.Build.0 = Release|Any CPU
		{4E98BAAB-9874-4B59-BD65-99A3F3E7CB80}.Release|x86.ActiveCfg = Release|Any CPU
		{4E98BAAB-9874-4B59-BD65-99A3F3E7CB80}.Release|x86.Build.0 = Release|Any CPU
		{B0D1C373-86C5-4581-89E6-5AA83AB34521}.Debug|Any CPU.ActiveCfg = Debug|Any CPU
		{B0D1C373-86C5-4581-89E6-5AA83AB34521}.Debug|Any CPU.Build.0 = Debug|Any CPU
		{B0D1C373-86C5-4581-89E6-5AA83AB34521}.Debug|x64.ActiveCfg = Debug|Any CPU
		{B0D1C373-86C5-4581-89E6-5AA83AB34521}.Debug|x64.Build.0 = Debug|Any CPU
		{B0D1C373-86C5-4581-89E6-5AA83AB34521}.Debug|x86.ActiveCfg = Debug|Any CPU
		{B0D1C373-86C5-4581-89E6-5AA83AB34521}.Debug|x86.Build.0 = Debug|Any CPU
		{B0D1C373-86C5-4581-89E6-5AA83AB34521}.Release|Any CPU.ActiveCfg = Release|Any CPU
		{B0D1C373-86C5-4581-89E6-5AA83AB34521}.Release|Any CPU.Build.0 = Release|Any CPU
		{B0D1C373-86C5-4581-89E6-5AA83AB34521}.Release|x64.ActiveCfg = Release|Any CPU
		{B0D1C373-86C5-4581-89E6-5AA83AB34521}.Release|x64.Build.0 = Release|Any CPU
		{B0D1C373-86C5-4581-89E6-5AA83AB34521}.Release|x86.ActiveCfg = Release|Any CPU
		{B0D1C373-86C5-4581-89E6-5AA83AB34521}.Release|x86.Build.0 = Release|Any CPU
		{DCC0FDEC-5184-4ACD-B845-8B8D6AD62BBC}.Debug|Any CPU.ActiveCfg = Debug|Any CPU
		{DCC0FDEC-5184-4ACD-B845-8B8D6AD62BBC}.Debug|Any CPU.Build.0 = Debug|Any CPU
		{DCC0FDEC-5184-4ACD-B845-8B8D6AD62BBC}.Debug|x64.ActiveCfg = Debug|Any CPU
		{DCC0FDEC-5184-4ACD-B845-8B8D6AD62BBC}.Debug|x64.Build.0 = Debug|Any CPU
		{DCC0FDEC-5184-4ACD-B845-8B8D6AD62BBC}.Debug|x86.ActiveCfg = Debug|Any CPU
		{DCC0FDEC-5184-4ACD-B845-8B8D6AD62BBC}.Debug|x86.Build.0 = Debug|Any CPU
		{DCC0FDEC-5184-4ACD-B845-8B8D6AD62BBC}.Release|Any CPU.ActiveCfg = Release|Any CPU
		{DCC0FDEC-5184-4ACD-B845-8B8D6AD62BBC}.Release|Any CPU.Build.0 = Release|Any CPU
		{DCC0FDEC-5184-4ACD-B845-8B8D6AD62BBC}.Release|x64.ActiveCfg = Release|Any CPU
		{DCC0FDEC-5184-4ACD-B845-8B8D6AD62BBC}.Release|x64.Build.0 = Release|Any CPU
		{DCC0FDEC-5184-4ACD-B845-8B8D6AD62BBC}.Release|x86.ActiveCfg = Release|Any CPU
		{DCC0FDEC-5184-4ACD-B845-8B8D6AD62BBC}.Release|x86.Build.0 = Release|Any CPU
		{1E02F2EA-AC87-48F5-BE2E-E61F535C6902}.Debug|Any CPU.ActiveCfg = Debug|Any CPU
		{1E02F2EA-AC87-48F5-BE2E-E61F535C6902}.Debug|Any CPU.Build.0 = Debug|Any CPU
		{1E02F2EA-AC87-48F5-BE2E-E61F535C6902}.Debug|x64.ActiveCfg = Debug|Any CPU
		{1E02F2EA-AC87-48F5-BE2E-E61F535C6902}.Debug|x64.Build.0 = Debug|Any CPU
		{1E02F2EA-AC87-48F5-BE2E-E61F535C6902}.Debug|x86.ActiveCfg = Debug|Any CPU
		{1E02F2EA-AC87-48F5-BE2E-E61F535C6902}.Debug|x86.Build.0 = Debug|Any CPU
		{1E02F2EA-AC87-48F5-BE2E-E61F535C6902}.Release|Any CPU.ActiveCfg = Release|Any CPU
		{1E02F2EA-AC87-48F5-BE2E-E61F535C6902}.Release|Any CPU.Build.0 = Release|Any CPU
		{1E02F2EA-AC87-48F5-BE2E-E61F535C6902}.Release|x64.ActiveCfg = Release|Any CPU
		{1E02F2EA-AC87-48F5-BE2E-E61F535C6902}.Release|x64.Build.0 = Release|Any CPU
		{1E02F2EA-AC87-48F5-BE2E-E61F535C6902}.Release|x86.ActiveCfg = Release|Any CPU
		{1E02F2EA-AC87-48F5-BE2E-E61F535C6902}.Release|x86.Build.0 = Release|Any CPU
		{CD536BF2-1A00-4573-97A3-381D90F518A1}.Debug|Any CPU.ActiveCfg = Debug|Any CPU
		{CD536BF2-1A00-4573-97A3-381D90F518A1}.Debug|Any CPU.Build.0 = Debug|Any CPU
		{CD536BF2-1A00-4573-97A3-381D90F518A1}.Debug|x64.ActiveCfg = Debug|Any CPU
		{CD536BF2-1A00-4573-97A3-381D90F518A1}.Debug|x64.Build.0 = Debug|Any CPU
		{CD536BF2-1A00-4573-97A3-381D90F518A1}.Debug|x86.ActiveCfg = Debug|Any CPU
		{CD536BF2-1A00-4573-97A3-381D90F518A1}.Debug|x86.Build.0 = Debug|Any CPU
		{CD536BF2-1A00-4573-97A3-381D90F518A1}.Release|Any CPU.ActiveCfg = Release|Any CPU
		{CD536BF2-1A00-4573-97A3-381D90F518A1}.Release|Any CPU.Build.0 = Release|Any CPU
		{CD536BF2-1A00-4573-97A3-381D90F518A1}.Release|x64.ActiveCfg = Release|Any CPU
		{CD536BF2-1A00-4573-97A3-381D90F518A1}.Release|x64.Build.0 = Release|Any CPU
		{CD536BF2-1A00-4573-97A3-381D90F518A1}.Release|x86.ActiveCfg = Release|Any CPU
		{CD536BF2-1A00-4573-97A3-381D90F518A1}.Release|x86.Build.0 = Release|Any CPU
		{D8D32D70-0EB1-4412-95FA-8E572A68A1C7}.Debug|Any CPU.ActiveCfg = Debug|Any CPU
		{D8D32D70-0EB1-4412-95FA-8E572A68A1C7}.Debug|Any CPU.Build.0 = Debug|Any CPU
		{D8D32D70-0EB1-4412-95FA-8E572A68A1C7}.Debug|x64.ActiveCfg = Debug|Any CPU
		{D8D32D70-0EB1-4412-95FA-8E572A68A1C7}.Debug|x64.Build.0 = Debug|Any CPU
		{D8D32D70-0EB1-4412-95FA-8E572A68A1C7}.Debug|x86.ActiveCfg = Debug|Any CPU
		{D8D32D70-0EB1-4412-95FA-8E572A68A1C7}.Debug|x86.Build.0 = Debug|Any CPU
		{D8D32D70-0EB1-4412-95FA-8E572A68A1C7}.Release|Any CPU.ActiveCfg = Release|Any CPU
		{D8D32D70-0EB1-4412-95FA-8E572A68A1C7}.Release|Any CPU.Build.0 = Release|Any CPU
		{D8D32D70-0EB1-4412-95FA-8E572A68A1C7}.Release|x64.ActiveCfg = Release|Any CPU
		{D8D32D70-0EB1-4412-95FA-8E572A68A1C7}.Release|x64.Build.0 = Release|Any CPU
		{D8D32D70-0EB1-4412-95FA-8E572A68A1C7}.Release|x86.ActiveCfg = Release|Any CPU
		{D8D32D70-0EB1-4412-95FA-8E572A68A1C7}.Release|x86.Build.0 = Release|Any CPU
		{612EEA72-8D7F-4C98-AA5A-941C49063E5B}.Debug|Any CPU.ActiveCfg = Debug|Any CPU
		{612EEA72-8D7F-4C98-AA5A-941C49063E5B}.Debug|Any CPU.Build.0 = Debug|Any CPU
		{612EEA72-8D7F-4C98-AA5A-941C49063E5B}.Debug|x64.ActiveCfg = Debug|Any CPU
		{612EEA72-8D7F-4C98-AA5A-941C49063E5B}.Debug|x64.Build.0 = Debug|Any CPU
		{612EEA72-8D7F-4C98-AA5A-941C49063E5B}.Debug|x86.ActiveCfg = Debug|Any CPU
		{612EEA72-8D7F-4C98-AA5A-941C49063E5B}.Debug|x86.Build.0 = Debug|Any CPU
		{612EEA72-8D7F-4C98-AA5A-941C49063E5B}.Release|Any CPU.ActiveCfg = Release|Any CPU
		{612EEA72-8D7F-4C98-AA5A-941C49063E5B}.Release|Any CPU.Build.0 = Release|Any CPU
		{612EEA72-8D7F-4C98-AA5A-941C49063E5B}.Release|x64.ActiveCfg = Release|Any CPU
		{612EEA72-8D7F-4C98-AA5A-941C49063E5B}.Release|x64.Build.0 = Release|Any CPU
		{612EEA72-8D7F-4C98-AA5A-941C49063E5B}.Release|x86.ActiveCfg = Release|Any CPU
		{612EEA72-8D7F-4C98-AA5A-941C49063E5B}.Release|x86.Build.0 = Release|Any CPU
		{610ED2AF-D399-483E-8145-FCA619773E82}.Debug|Any CPU.ActiveCfg = Debug|Any CPU
		{610ED2AF-D399-483E-8145-FCA619773E82}.Debug|Any CPU.Build.0 = Debug|Any CPU
		{610ED2AF-D399-483E-8145-FCA619773E82}.Debug|x64.ActiveCfg = Debug|Any CPU
		{610ED2AF-D399-483E-8145-FCA619773E82}.Debug|x64.Build.0 = Debug|Any CPU
		{610ED2AF-D399-483E-8145-FCA619773E82}.Debug|x86.ActiveCfg = Debug|Any CPU
		{610ED2AF-D399-483E-8145-FCA619773E82}.Debug|x86.Build.0 = Debug|Any CPU
		{610ED2AF-D399-483E-8145-FCA619773E82}.Release|Any CPU.ActiveCfg = Release|Any CPU
		{610ED2AF-D399-483E-8145-FCA619773E82}.Release|Any CPU.Build.0 = Release|Any CPU
		{610ED2AF-D399-483E-8145-FCA619773E82}.Release|x64.ActiveCfg = Release|Any CPU
		{610ED2AF-D399-483E-8145-FCA619773E82}.Release|x64.Build.0 = Release|Any CPU
		{610ED2AF-D399-483E-8145-FCA619773E82}.Release|x86.ActiveCfg = Release|Any CPU
		{610ED2AF-D399-483E-8145-FCA619773E82}.Release|x86.Build.0 = Release|Any CPU
		{7600B092-B5E6-47F5-A98F-98C0E33DD572}.Debug|Any CPU.ActiveCfg = Debug|Any CPU
		{7600B092-B5E6-47F5-A98F-98C0E33DD572}.Debug|Any CPU.Build.0 = Debug|Any CPU
		{7600B092-B5E6-47F5-A98F-98C0E33DD572}.Debug|x64.ActiveCfg = Debug|Any CPU
		{7600B092-B5E6-47F5-A98F-98C0E33DD572}.Debug|x64.Build.0 = Debug|Any CPU
		{7600B092-B5E6-47F5-A98F-98C0E33DD572}.Debug|x86.ActiveCfg = Debug|Any CPU
		{7600B092-B5E6-47F5-A98F-98C0E33DD572}.Debug|x86.Build.0 = Debug|Any CPU
		{7600B092-B5E6-47F5-A98F-98C0E33DD572}.Release|Any CPU.ActiveCfg = Release|Any CPU
		{7600B092-B5E6-47F5-A98F-98C0E33DD572}.Release|Any CPU.Build.0 = Release|Any CPU
		{7600B092-B5E6-47F5-A98F-98C0E33DD572}.Release|x64.ActiveCfg = Release|Any CPU
		{7600B092-B5E6-47F5-A98F-98C0E33DD572}.Release|x64.Build.0 = Release|Any CPU
		{7600B092-B5E6-47F5-A98F-98C0E33DD572}.Release|x86.ActiveCfg = Release|Any CPU
		{7600B092-B5E6-47F5-A98F-98C0E33DD572}.Release|x86.Build.0 = Release|Any CPU
		{32C5C3C4-14E8-412B-BEB0-4F55633B4AFC}.Debug|Any CPU.ActiveCfg = Debug|Any CPU
		{32C5C3C4-14E8-412B-BEB0-4F55633B4AFC}.Debug|Any CPU.Build.0 = Debug|Any CPU
		{32C5C3C4-14E8-412B-BEB0-4F55633B4AFC}.Debug|x64.ActiveCfg = Debug|Any CPU
		{32C5C3C4-14E8-412B-BEB0-4F55633B4AFC}.Debug|x64.Build.0 = Debug|Any CPU
		{32C5C3C4-14E8-412B-BEB0-4F55633B4AFC}.Debug|x86.ActiveCfg = Debug|Any CPU
		{32C5C3C4-14E8-412B-BEB0-4F55633B4AFC}.Debug|x86.Build.0 = Debug|Any CPU
		{32C5C3C4-14E8-412B-BEB0-4F55633B4AFC}.Release|Any CPU.ActiveCfg = Release|Any CPU
		{32C5C3C4-14E8-412B-BEB0-4F55633B4AFC}.Release|Any CPU.Build.0 = Release|Any CPU
		{32C5C3C4-14E8-412B-BEB0-4F55633B4AFC}.Release|x64.ActiveCfg = Release|Any CPU
		{32C5C3C4-14E8-412B-BEB0-4F55633B4AFC}.Release|x64.Build.0 = Release|Any CPU
		{32C5C3C4-14E8-412B-BEB0-4F55633B4AFC}.Release|x86.ActiveCfg = Release|Any CPU
		{32C5C3C4-14E8-412B-BEB0-4F55633B4AFC}.Release|x86.Build.0 = Release|Any CPU
		{3126A8A7-B711-410A-B615-6323714C1EC0}.Debug|Any CPU.ActiveCfg = Debug|Any CPU
		{3126A8A7-B711-410A-B615-6323714C1EC0}.Debug|Any CPU.Build.0 = Debug|Any CPU
		{3126A8A7-B711-410A-B615-6323714C1EC0}.Debug|x64.ActiveCfg = Debug|Any CPU
		{3126A8A7-B711-410A-B615-6323714C1EC0}.Debug|x64.Build.0 = Debug|Any CPU
		{3126A8A7-B711-410A-B615-6323714C1EC0}.Debug|x86.ActiveCfg = Debug|Any CPU
		{3126A8A7-B711-410A-B615-6323714C1EC0}.Debug|x86.Build.0 = Debug|Any CPU
		{3126A8A7-B711-410A-B615-6323714C1EC0}.Release|Any CPU.ActiveCfg = Release|Any CPU
		{3126A8A7-B711-410A-B615-6323714C1EC0}.Release|Any CPU.Build.0 = Release|Any CPU
		{3126A8A7-B711-410A-B615-6323714C1EC0}.Release|x64.ActiveCfg = Release|Any CPU
		{3126A8A7-B711-410A-B615-6323714C1EC0}.Release|x64.Build.0 = Release|Any CPU
		{3126A8A7-B711-410A-B615-6323714C1EC0}.Release|x86.ActiveCfg = Release|Any CPU
		{3126A8A7-B711-410A-B615-6323714C1EC0}.Release|x86.Build.0 = Release|Any CPU
		{63D6C076-3C26-4D76-BDE0-A64A958A408C}.Debug|Any CPU.ActiveCfg = Debug|Any CPU
		{63D6C076-3C26-4D76-BDE0-A64A958A408C}.Debug|Any CPU.Build.0 = Debug|Any CPU
		{63D6C076-3C26-4D76-BDE0-A64A958A408C}.Debug|x64.ActiveCfg = Debug|Any CPU
		{63D6C076-3C26-4D76-BDE0-A64A958A408C}.Debug|x64.Build.0 = Debug|Any CPU
		{63D6C076-3C26-4D76-BDE0-A64A958A408C}.Debug|x86.ActiveCfg = Debug|Any CPU
		{63D6C076-3C26-4D76-BDE0-A64A958A408C}.Debug|x86.Build.0 = Debug|Any CPU
		{63D6C076-3C26-4D76-BDE0-A64A958A408C}.Release|Any CPU.ActiveCfg = Release|Any CPU
		{63D6C076-3C26-4D76-BDE0-A64A958A408C}.Release|Any CPU.Build.0 = Release|Any CPU
		{63D6C076-3C26-4D76-BDE0-A64A958A408C}.Release|x64.ActiveCfg = Release|Any CPU
		{63D6C076-3C26-4D76-BDE0-A64A958A408C}.Release|x64.Build.0 = Release|Any CPU
		{63D6C076-3C26-4D76-BDE0-A64A958A408C}.Release|x86.ActiveCfg = Release|Any CPU
		{63D6C076-3C26-4D76-BDE0-A64A958A408C}.Release|x86.Build.0 = Release|Any CPU
		{D6FD5CED-7A05-4656-A133-CA6AD8C7F4FB}.Debug|Any CPU.ActiveCfg = Debug|Any CPU
		{D6FD5CED-7A05-4656-A133-CA6AD8C7F4FB}.Debug|Any CPU.Build.0 = Debug|Any CPU
		{D6FD5CED-7A05-4656-A133-CA6AD8C7F4FB}.Debug|x64.ActiveCfg = Debug|Any CPU
		{D6FD5CED-7A05-4656-A133-CA6AD8C7F4FB}.Debug|x64.Build.0 = Debug|Any CPU
		{D6FD5CED-7A05-4656-A133-CA6AD8C7F4FB}.Debug|x86.ActiveCfg = Debug|Any CPU
		{D6FD5CED-7A05-4656-A133-CA6AD8C7F4FB}.Debug|x86.Build.0 = Debug|Any CPU
		{D6FD5CED-7A05-4656-A133-CA6AD8C7F4FB}.Release|Any CPU.ActiveCfg = Release|Any CPU
		{D6FD5CED-7A05-4656-A133-CA6AD8C7F4FB}.Release|Any CPU.Build.0 = Release|Any CPU
		{D6FD5CED-7A05-4656-A133-CA6AD8C7F4FB}.Release|x64.ActiveCfg = Release|Any CPU
		{D6FD5CED-7A05-4656-A133-CA6AD8C7F4FB}.Release|x64.Build.0 = Release|Any CPU
		{D6FD5CED-7A05-4656-A133-CA6AD8C7F4FB}.Release|x86.ActiveCfg = Release|Any CPU
		{D6FD5CED-7A05-4656-A133-CA6AD8C7F4FB}.Release|x86.Build.0 = Release|Any CPU
		{882636F9-FC37-47A8-9562-1E8B7EC5392D}.Debug|Any CPU.ActiveCfg = Debug|Any CPU
		{882636F9-FC37-47A8-9562-1E8B7EC5392D}.Debug|Any CPU.Build.0 = Debug|Any CPU
		{882636F9-FC37-47A8-9562-1E8B7EC5392D}.Debug|x64.ActiveCfg = Debug|Any CPU
		{882636F9-FC37-47A8-9562-1E8B7EC5392D}.Debug|x64.Build.0 = Debug|Any CPU
		{882636F9-FC37-47A8-9562-1E8B7EC5392D}.Debug|x86.ActiveCfg = Debug|Any CPU
		{882636F9-FC37-47A8-9562-1E8B7EC5392D}.Debug|x86.Build.0 = Debug|Any CPU
		{882636F9-FC37-47A8-9562-1E8B7EC5392D}.Release|Any CPU.ActiveCfg = Release|Any CPU
		{882636F9-FC37-47A8-9562-1E8B7EC5392D}.Release|Any CPU.Build.0 = Release|Any CPU
		{882636F9-FC37-47A8-9562-1E8B7EC5392D}.Release|x64.ActiveCfg = Release|Any CPU
		{882636F9-FC37-47A8-9562-1E8B7EC5392D}.Release|x64.Build.0 = Release|Any CPU
		{882636F9-FC37-47A8-9562-1E8B7EC5392D}.Release|x86.ActiveCfg = Release|Any CPU
		{882636F9-FC37-47A8-9562-1E8B7EC5392D}.Release|x86.Build.0 = Release|Any CPU
		{4E815E0A-43F2-4E4E-8912-9789ABF01782}.Debug|Any CPU.ActiveCfg = Debug|Any CPU
		{4E815E0A-43F2-4E4E-8912-9789ABF01782}.Debug|Any CPU.Build.0 = Debug|Any CPU
		{4E815E0A-43F2-4E4E-8912-9789ABF01782}.Debug|x64.ActiveCfg = Debug|Any CPU
		{4E815E0A-43F2-4E4E-8912-9789ABF01782}.Debug|x64.Build.0 = Debug|Any CPU
		{4E815E0A-43F2-4E4E-8912-9789ABF01782}.Debug|x86.ActiveCfg = Debug|Any CPU
		{4E815E0A-43F2-4E4E-8912-9789ABF01782}.Debug|x86.Build.0 = Debug|Any CPU
		{4E815E0A-43F2-4E4E-8912-9789ABF01782}.Release|Any CPU.ActiveCfg = Release|Any CPU
		{4E815E0A-43F2-4E4E-8912-9789ABF01782}.Release|Any CPU.Build.0 = Release|Any CPU
		{4E815E0A-43F2-4E4E-8912-9789ABF01782}.Release|x64.ActiveCfg = Release|Any CPU
		{4E815E0A-43F2-4E4E-8912-9789ABF01782}.Release|x64.Build.0 = Release|Any CPU
		{4E815E0A-43F2-4E4E-8912-9789ABF01782}.Release|x86.ActiveCfg = Release|Any CPU
		{4E815E0A-43F2-4E4E-8912-9789ABF01782}.Release|x86.Build.0 = Release|Any CPU
		{84464721-F46D-49BA-A437-CC3FA489F49B}.Debug|Any CPU.ActiveCfg = Debug|Any CPU
		{84464721-F46D-49BA-A437-CC3FA489F49B}.Debug|Any CPU.Build.0 = Debug|Any CPU
		{84464721-F46D-49BA-A437-CC3FA489F49B}.Debug|x64.ActiveCfg = Debug|Any CPU
		{84464721-F46D-49BA-A437-CC3FA489F49B}.Debug|x64.Build.0 = Debug|Any CPU
		{84464721-F46D-49BA-A437-CC3FA489F49B}.Debug|x86.ActiveCfg = Debug|Any CPU
		{84464721-F46D-49BA-A437-CC3FA489F49B}.Debug|x86.Build.0 = Debug|Any CPU
		{84464721-F46D-49BA-A437-CC3FA489F49B}.Release|Any CPU.ActiveCfg = Release|Any CPU
		{84464721-F46D-49BA-A437-CC3FA489F49B}.Release|Any CPU.Build.0 = Release|Any CPU
		{84464721-F46D-49BA-A437-CC3FA489F49B}.Release|x64.ActiveCfg = Release|Any CPU
		{84464721-F46D-49BA-A437-CC3FA489F49B}.Release|x64.Build.0 = Release|Any CPU
		{84464721-F46D-49BA-A437-CC3FA489F49B}.Release|x86.ActiveCfg = Release|Any CPU
		{84464721-F46D-49BA-A437-CC3FA489F49B}.Release|x86.Build.0 = Release|Any CPU
		{5997EB81-79C8-43D3-A767-C864453E0DD1}.Debug|Any CPU.ActiveCfg = Debug|Any CPU
		{5997EB81-79C8-43D3-A767-C864453E0DD1}.Debug|Any CPU.Build.0 = Debug|Any CPU
		{5997EB81-79C8-43D3-A767-C864453E0DD1}.Debug|x64.ActiveCfg = Debug|Any CPU
		{5997EB81-79C8-43D3-A767-C864453E0DD1}.Debug|x64.Build.0 = Debug|Any CPU
		{5997EB81-79C8-43D3-A767-C864453E0DD1}.Debug|x86.ActiveCfg = Debug|Any CPU
		{5997EB81-79C8-43D3-A767-C864453E0DD1}.Debug|x86.Build.0 = Debug|Any CPU
		{5997EB81-79C8-43D3-A767-C864453E0DD1}.Release|Any CPU.ActiveCfg = Release|Any CPU
		{5997EB81-79C8-43D3-A767-C864453E0DD1}.Release|Any CPU.Build.0 = Release|Any CPU
		{5997EB81-79C8-43D3-A767-C864453E0DD1}.Release|x64.ActiveCfg = Release|Any CPU
		{5997EB81-79C8-43D3-A767-C864453E0DD1}.Release|x64.Build.0 = Release|Any CPU
		{5997EB81-79C8-43D3-A767-C864453E0DD1}.Release|x86.ActiveCfg = Release|Any CPU
		{5997EB81-79C8-43D3-A767-C864453E0DD1}.Release|x86.Build.0 = Release|Any CPU
		{E3534EEE-7A1E-459D-919A-CCCC1C3BAC60}.Debug|Any CPU.ActiveCfg = Debug|Any CPU
		{E3534EEE-7A1E-459D-919A-CCCC1C3BAC60}.Debug|Any CPU.Build.0 = Debug|Any CPU
		{E3534EEE-7A1E-459D-919A-CCCC1C3BAC60}.Debug|x64.ActiveCfg = Debug|Any CPU
		{E3534EEE-7A1E-459D-919A-CCCC1C3BAC60}.Debug|x64.Build.0 = Debug|Any CPU
		{E3534EEE-7A1E-459D-919A-CCCC1C3BAC60}.Debug|x86.ActiveCfg = Debug|Any CPU
		{E3534EEE-7A1E-459D-919A-CCCC1C3BAC60}.Debug|x86.Build.0 = Debug|Any CPU
		{E3534EEE-7A1E-459D-919A-CCCC1C3BAC60}.Release|Any CPU.ActiveCfg = Release|Any CPU
		{E3534EEE-7A1E-459D-919A-CCCC1C3BAC60}.Release|Any CPU.Build.0 = Release|Any CPU
		{E3534EEE-7A1E-459D-919A-CCCC1C3BAC60}.Release|x64.ActiveCfg = Release|Any CPU
		{E3534EEE-7A1E-459D-919A-CCCC1C3BAC60}.Release|x64.Build.0 = Release|Any CPU
		{E3534EEE-7A1E-459D-919A-CCCC1C3BAC60}.Release|x86.ActiveCfg = Release|Any CPU
		{E3534EEE-7A1E-459D-919A-CCCC1C3BAC60}.Release|x86.Build.0 = Release|Any CPU
		{E6B9FCE7-D4EA-4EF7-9312-CDAA2A5038C0}.Debug|Any CPU.ActiveCfg = Debug|Any CPU
		{E6B9FCE7-D4EA-4EF7-9312-CDAA2A5038C0}.Debug|Any CPU.Build.0 = Debug|Any CPU
		{E6B9FCE7-D4EA-4EF7-9312-CDAA2A5038C0}.Debug|x64.ActiveCfg = Debug|Any CPU
		{E6B9FCE7-D4EA-4EF7-9312-CDAA2A5038C0}.Debug|x64.Build.0 = Debug|Any CPU
		{E6B9FCE7-D4EA-4EF7-9312-CDAA2A5038C0}.Debug|x86.ActiveCfg = Debug|Any CPU
		{E6B9FCE7-D4EA-4EF7-9312-CDAA2A5038C0}.Debug|x86.Build.0 = Debug|Any CPU
		{E6B9FCE7-D4EA-4EF7-9312-CDAA2A5038C0}.Release|Any CPU.ActiveCfg = Release|Any CPU
		{E6B9FCE7-D4EA-4EF7-9312-CDAA2A5038C0}.Release|Any CPU.Build.0 = Release|Any CPU
		{E6B9FCE7-D4EA-4EF7-9312-CDAA2A5038C0}.Release|x64.ActiveCfg = Release|Any CPU
		{E6B9FCE7-D4EA-4EF7-9312-CDAA2A5038C0}.Release|x64.Build.0 = Release|Any CPU
		{E6B9FCE7-D4EA-4EF7-9312-CDAA2A5038C0}.Release|x86.ActiveCfg = Release|Any CPU
		{E6B9FCE7-D4EA-4EF7-9312-CDAA2A5038C0}.Release|x86.Build.0 = Release|Any CPU
		{5CD39FF8-CD86-4A98-8183-BB89E25B0EA0}.Debug|Any CPU.ActiveCfg = Debug|Any CPU
		{5CD39FF8-CD86-4A98-8183-BB89E25B0EA0}.Debug|Any CPU.Build.0 = Debug|Any CPU
		{5CD39FF8-CD86-4A98-8183-BB89E25B0EA0}.Debug|x64.ActiveCfg = Debug|Any CPU
		{5CD39FF8-CD86-4A98-8183-BB89E25B0EA0}.Debug|x64.Build.0 = Debug|Any CPU
		{5CD39FF8-CD86-4A98-8183-BB89E25B0EA0}.Debug|x86.ActiveCfg = Debug|Any CPU
		{5CD39FF8-CD86-4A98-8183-BB89E25B0EA0}.Debug|x86.Build.0 = Debug|Any CPU
		{5CD39FF8-CD86-4A98-8183-BB89E25B0EA0}.Release|Any CPU.ActiveCfg = Release|Any CPU
		{5CD39FF8-CD86-4A98-8183-BB89E25B0EA0}.Release|Any CPU.Build.0 = Release|Any CPU
		{5CD39FF8-CD86-4A98-8183-BB89E25B0EA0}.Release|x64.ActiveCfg = Release|Any CPU
		{5CD39FF8-CD86-4A98-8183-BB89E25B0EA0}.Release|x64.Build.0 = Release|Any CPU
		{5CD39FF8-CD86-4A98-8183-BB89E25B0EA0}.Release|x86.ActiveCfg = Release|Any CPU
		{5CD39FF8-CD86-4A98-8183-BB89E25B0EA0}.Release|x86.Build.0 = Release|Any CPU
		{030BF846-8B63-4885-B38C-82371B7ED2E2}.Debug|Any CPU.ActiveCfg = Debug|Any CPU
		{030BF846-8B63-4885-B38C-82371B7ED2E2}.Debug|Any CPU.Build.0 = Debug|Any CPU
		{030BF846-8B63-4885-B38C-82371B7ED2E2}.Debug|x64.ActiveCfg = Debug|Any CPU
		{030BF846-8B63-4885-B38C-82371B7ED2E2}.Debug|x64.Build.0 = Debug|Any CPU
		{030BF846-8B63-4885-B38C-82371B7ED2E2}.Debug|x86.ActiveCfg = Debug|Any CPU
		{030BF846-8B63-4885-B38C-82371B7ED2E2}.Debug|x86.Build.0 = Debug|Any CPU
		{030BF846-8B63-4885-B38C-82371B7ED2E2}.Release|Any CPU.ActiveCfg = Release|Any CPU
		{030BF846-8B63-4885-B38C-82371B7ED2E2}.Release|Any CPU.Build.0 = Release|Any CPU
		{030BF846-8B63-4885-B38C-82371B7ED2E2}.Release|x64.ActiveCfg = Release|Any CPU
		{030BF846-8B63-4885-B38C-82371B7ED2E2}.Release|x64.Build.0 = Release|Any CPU
		{030BF846-8B63-4885-B38C-82371B7ED2E2}.Release|x86.ActiveCfg = Release|Any CPU
		{030BF846-8B63-4885-B38C-82371B7ED2E2}.Release|x86.Build.0 = Release|Any CPU
		{8DBF1B45-BDDC-4B91-9BB1-E815F0063CD6}.Debug|Any CPU.ActiveCfg = Debug|Any CPU
		{8DBF1B45-BDDC-4B91-9BB1-E815F0063CD6}.Debug|Any CPU.Build.0 = Debug|Any CPU
		{8DBF1B45-BDDC-4B91-9BB1-E815F0063CD6}.Debug|x64.ActiveCfg = Debug|Any CPU
		{8DBF1B45-BDDC-4B91-9BB1-E815F0063CD6}.Debug|x64.Build.0 = Debug|Any CPU
		{8DBF1B45-BDDC-4B91-9BB1-E815F0063CD6}.Debug|x86.ActiveCfg = Debug|Any CPU
		{8DBF1B45-BDDC-4B91-9BB1-E815F0063CD6}.Debug|x86.Build.0 = Debug|Any CPU
		{8DBF1B45-BDDC-4B91-9BB1-E815F0063CD6}.Release|Any CPU.ActiveCfg = Release|Any CPU
		{8DBF1B45-BDDC-4B91-9BB1-E815F0063CD6}.Release|Any CPU.Build.0 = Release|Any CPU
		{8DBF1B45-BDDC-4B91-9BB1-E815F0063CD6}.Release|x64.ActiveCfg = Release|Any CPU
		{8DBF1B45-BDDC-4B91-9BB1-E815F0063CD6}.Release|x64.Build.0 = Release|Any CPU
		{8DBF1B45-BDDC-4B91-9BB1-E815F0063CD6}.Release|x86.ActiveCfg = Release|Any CPU
		{8DBF1B45-BDDC-4B91-9BB1-E815F0063CD6}.Release|x86.Build.0 = Release|Any CPU
		{D0C00404-FB8F-4553-B3D9-B1342D70D4E2}.Debug|Any CPU.ActiveCfg = Debug|Any CPU
		{D0C00404-FB8F-4553-B3D9-B1342D70D4E2}.Debug|Any CPU.Build.0 = Debug|Any CPU
		{D0C00404-FB8F-4553-B3D9-B1342D70D4E2}.Debug|x64.ActiveCfg = Debug|Any CPU
		{D0C00404-FB8F-4553-B3D9-B1342D70D4E2}.Debug|x64.Build.0 = Debug|Any CPU
		{D0C00404-FB8F-4553-B3D9-B1342D70D4E2}.Debug|x86.ActiveCfg = Debug|Any CPU
		{D0C00404-FB8F-4553-B3D9-B1342D70D4E2}.Debug|x86.Build.0 = Debug|Any CPU
		{D0C00404-FB8F-4553-B3D9-B1342D70D4E2}.Release|Any CPU.ActiveCfg = Release|Any CPU
		{D0C00404-FB8F-4553-B3D9-B1342D70D4E2}.Release|Any CPU.Build.0 = Release|Any CPU
		{D0C00404-FB8F-4553-B3D9-B1342D70D4E2}.Release|x64.ActiveCfg = Release|Any CPU
		{D0C00404-FB8F-4553-B3D9-B1342D70D4E2}.Release|x64.Build.0 = Release|Any CPU
		{D0C00404-FB8F-4553-B3D9-B1342D70D4E2}.Release|x86.ActiveCfg = Release|Any CPU
		{D0C00404-FB8F-4553-B3D9-B1342D70D4E2}.Release|x86.Build.0 = Release|Any CPU
		{876F0D24-8B17-425C-B3C4-EE7ECBA61992}.Debug|Any CPU.ActiveCfg = Debug|Any CPU
		{876F0D24-8B17-425C-B3C4-EE7ECBA61992}.Debug|Any CPU.Build.0 = Debug|Any CPU
		{876F0D24-8B17-425C-B3C4-EE7ECBA61992}.Debug|x64.ActiveCfg = Debug|Any CPU
		{876F0D24-8B17-425C-B3C4-EE7ECBA61992}.Debug|x64.Build.0 = Debug|Any CPU
		{876F0D24-8B17-425C-B3C4-EE7ECBA61992}.Debug|x86.ActiveCfg = Debug|Any CPU
		{876F0D24-8B17-425C-B3C4-EE7ECBA61992}.Debug|x86.Build.0 = Debug|Any CPU
		{876F0D24-8B17-425C-B3C4-EE7ECBA61992}.Release|Any CPU.ActiveCfg = Release|Any CPU
		{876F0D24-8B17-425C-B3C4-EE7ECBA61992}.Release|Any CPU.Build.0 = Release|Any CPU
		{876F0D24-8B17-425C-B3C4-EE7ECBA61992}.Release|x64.ActiveCfg = Release|Any CPU
		{876F0D24-8B17-425C-B3C4-EE7ECBA61992}.Release|x64.Build.0 = Release|Any CPU
		{876F0D24-8B17-425C-B3C4-EE7ECBA61992}.Release|x86.ActiveCfg = Release|Any CPU
		{876F0D24-8B17-425C-B3C4-EE7ECBA61992}.Release|x86.Build.0 = Release|Any CPU
		{5409D23F-417B-4187-88E9-FC244D969452}.Debug|Any CPU.ActiveCfg = Debug|Any CPU
		{5409D23F-417B-4187-88E9-FC244D969452}.Debug|Any CPU.Build.0 = Debug|Any CPU
		{5409D23F-417B-4187-88E9-FC244D969452}.Debug|x64.ActiveCfg = Debug|Any CPU
		{5409D23F-417B-4187-88E9-FC244D969452}.Debug|x64.Build.0 = Debug|Any CPU
		{5409D23F-417B-4187-88E9-FC244D969452}.Debug|x86.ActiveCfg = Debug|Any CPU
		{5409D23F-417B-4187-88E9-FC244D969452}.Debug|x86.Build.0 = Debug|Any CPU
		{5409D23F-417B-4187-88E9-FC244D969452}.Release|Any CPU.ActiveCfg = Release|Any CPU
		{5409D23F-417B-4187-88E9-FC244D969452}.Release|Any CPU.Build.0 = Release|Any CPU
		{5409D23F-417B-4187-88E9-FC244D969452}.Release|x64.ActiveCfg = Release|Any CPU
		{5409D23F-417B-4187-88E9-FC244D969452}.Release|x64.Build.0 = Release|Any CPU
		{5409D23F-417B-4187-88E9-FC244D969452}.Release|x86.ActiveCfg = Release|Any CPU
		{5409D23F-417B-4187-88E9-FC244D969452}.Release|x86.Build.0 = Release|Any CPU
		{49662DED-A009-4B8D-BEAF-7603E9E18E5A}.Debug|Any CPU.ActiveCfg = Debug|Any CPU
		{49662DED-A009-4B8D-BEAF-7603E9E18E5A}.Debug|Any CPU.Build.0 = Debug|Any CPU
		{49662DED-A009-4B8D-BEAF-7603E9E18E5A}.Debug|x64.ActiveCfg = Debug|Any CPU
		{49662DED-A009-4B8D-BEAF-7603E9E18E5A}.Debug|x64.Build.0 = Debug|Any CPU
		{49662DED-A009-4B8D-BEAF-7603E9E18E5A}.Debug|x86.ActiveCfg = Debug|Any CPU
		{49662DED-A009-4B8D-BEAF-7603E9E18E5A}.Debug|x86.Build.0 = Debug|Any CPU
		{49662DED-A009-4B8D-BEAF-7603E9E18E5A}.Release|Any CPU.ActiveCfg = Release|Any CPU
		{49662DED-A009-4B8D-BEAF-7603E9E18E5A}.Release|Any CPU.Build.0 = Release|Any CPU
		{49662DED-A009-4B8D-BEAF-7603E9E18E5A}.Release|x64.ActiveCfg = Release|Any CPU
		{49662DED-A009-4B8D-BEAF-7603E9E18E5A}.Release|x64.Build.0 = Release|Any CPU
		{49662DED-A009-4B8D-BEAF-7603E9E18E5A}.Release|x86.ActiveCfg = Release|Any CPU
		{49662DED-A009-4B8D-BEAF-7603E9E18E5A}.Release|x86.Build.0 = Release|Any CPU
		{6297B4B0-4A8B-4B5B-B5FF-F42754ED1D53}.Debug|Any CPU.ActiveCfg = Debug|Any CPU
		{6297B4B0-4A8B-4B5B-B5FF-F42754ED1D53}.Debug|Any CPU.Build.0 = Debug|Any CPU
		{6297B4B0-4A8B-4B5B-B5FF-F42754ED1D53}.Debug|x64.ActiveCfg = Debug|Any CPU
		{6297B4B0-4A8B-4B5B-B5FF-F42754ED1D53}.Debug|x64.Build.0 = Debug|Any CPU
		{6297B4B0-4A8B-4B5B-B5FF-F42754ED1D53}.Debug|x86.ActiveCfg = Debug|Any CPU
		{6297B4B0-4A8B-4B5B-B5FF-F42754ED1D53}.Debug|x86.Build.0 = Debug|Any CPU
		{6297B4B0-4A8B-4B5B-B5FF-F42754ED1D53}.Release|Any CPU.ActiveCfg = Release|Any CPU
		{6297B4B0-4A8B-4B5B-B5FF-F42754ED1D53}.Release|Any CPU.Build.0 = Release|Any CPU
		{6297B4B0-4A8B-4B5B-B5FF-F42754ED1D53}.Release|x64.ActiveCfg = Release|Any CPU
		{6297B4B0-4A8B-4B5B-B5FF-F42754ED1D53}.Release|x64.Build.0 = Release|Any CPU
		{6297B4B0-4A8B-4B5B-B5FF-F42754ED1D53}.Release|x86.ActiveCfg = Release|Any CPU
		{6297B4B0-4A8B-4B5B-B5FF-F42754ED1D53}.Release|x86.Build.0 = Release|Any CPU
		{A7CA9E35-5311-4679-AEDF-B5F026C32F13}.Debug|Any CPU.ActiveCfg = Debug|Any CPU
		{A7CA9E35-5311-4679-AEDF-B5F026C32F13}.Debug|Any CPU.Build.0 = Debug|Any CPU
		{A7CA9E35-5311-4679-AEDF-B5F026C32F13}.Debug|x64.ActiveCfg = Debug|Any CPU
		{A7CA9E35-5311-4679-AEDF-B5F026C32F13}.Debug|x64.Build.0 = Debug|Any CPU
		{A7CA9E35-5311-4679-AEDF-B5F026C32F13}.Debug|x86.ActiveCfg = Debug|Any CPU
		{A7CA9E35-5311-4679-AEDF-B5F026C32F13}.Debug|x86.Build.0 = Debug|Any CPU
		{A7CA9E35-5311-4679-AEDF-B5F026C32F13}.Release|Any CPU.ActiveCfg = Release|Any CPU
		{A7CA9E35-5311-4679-AEDF-B5F026C32F13}.Release|Any CPU.Build.0 = Release|Any CPU
		{A7CA9E35-5311-4679-AEDF-B5F026C32F13}.Release|x64.ActiveCfg = Release|Any CPU
		{A7CA9E35-5311-4679-AEDF-B5F026C32F13}.Release|x64.Build.0 = Release|Any CPU
		{A7CA9E35-5311-4679-AEDF-B5F026C32F13}.Release|x86.ActiveCfg = Release|Any CPU
		{A7CA9E35-5311-4679-AEDF-B5F026C32F13}.Release|x86.Build.0 = Release|Any CPU
		{83CAB729-B9AC-4CF7-82A2-26FC02D03FB0}.Debug|Any CPU.ActiveCfg = Debug|Any CPU
		{83CAB729-B9AC-4CF7-82A2-26FC02D03FB0}.Debug|Any CPU.Build.0 = Debug|Any CPU
		{83CAB729-B9AC-4CF7-82A2-26FC02D03FB0}.Debug|x64.ActiveCfg = Debug|Any CPU
		{83CAB729-B9AC-4CF7-82A2-26FC02D03FB0}.Debug|x64.Build.0 = Debug|Any CPU
		{83CAB729-B9AC-4CF7-82A2-26FC02D03FB0}.Debug|x86.ActiveCfg = Debug|Any CPU
		{83CAB729-B9AC-4CF7-82A2-26FC02D03FB0}.Debug|x86.Build.0 = Debug|Any CPU
		{83CAB729-B9AC-4CF7-82A2-26FC02D03FB0}.Release|Any CPU.ActiveCfg = Release|Any CPU
		{83CAB729-B9AC-4CF7-82A2-26FC02D03FB0}.Release|Any CPU.Build.0 = Release|Any CPU
		{83CAB729-B9AC-4CF7-82A2-26FC02D03FB0}.Release|x64.ActiveCfg = Release|Any CPU
		{83CAB729-B9AC-4CF7-82A2-26FC02D03FB0}.Release|x64.Build.0 = Release|Any CPU
		{83CAB729-B9AC-4CF7-82A2-26FC02D03FB0}.Release|x86.ActiveCfg = Release|Any CPU
		{83CAB729-B9AC-4CF7-82A2-26FC02D03FB0}.Release|x86.Build.0 = Release|Any CPU
		{FAEC2C64-1E55-F4D1-93AC-347C3817E44D}.Debug|Any CPU.ActiveCfg = Debug|Any CPU
		{FAEC2C64-1E55-F4D1-93AC-347C3817E44D}.Debug|Any CPU.Build.0 = Debug|Any CPU
		{FAEC2C64-1E55-F4D1-93AC-347C3817E44D}.Debug|x64.ActiveCfg = Debug|Any CPU
		{FAEC2C64-1E55-F4D1-93AC-347C3817E44D}.Debug|x64.Build.0 = Debug|Any CPU
		{FAEC2C64-1E55-F4D1-93AC-347C3817E44D}.Debug|x86.ActiveCfg = Debug|Any CPU
		{FAEC2C64-1E55-F4D1-93AC-347C3817E44D}.Debug|x86.Build.0 = Debug|Any CPU
		{FAEC2C64-1E55-F4D1-93AC-347C3817E44D}.Release|Any CPU.ActiveCfg = Release|Any CPU
		{FAEC2C64-1E55-F4D1-93AC-347C3817E44D}.Release|Any CPU.Build.0 = Release|Any CPU
		{FAEC2C64-1E55-F4D1-93AC-347C3817E44D}.Release|x64.ActiveCfg = Release|Any CPU
		{FAEC2C64-1E55-F4D1-93AC-347C3817E44D}.Release|x64.Build.0 = Release|Any CPU
		{FAEC2C64-1E55-F4D1-93AC-347C3817E44D}.Release|x86.ActiveCfg = Release|Any CPU
		{FAEC2C64-1E55-F4D1-93AC-347C3817E44D}.Release|x86.Build.0 = Release|Any CPU
		{7C14ADBE-7355-B322-D20A-524A3C14AA6A}.Debug|Any CPU.ActiveCfg = Debug|Any CPU
		{7C14ADBE-7355-B322-D20A-524A3C14AA6A}.Debug|Any CPU.Build.0 = Debug|Any CPU
		{7C14ADBE-7355-B322-D20A-524A3C14AA6A}.Debug|x64.ActiveCfg = Debug|Any CPU
		{7C14ADBE-7355-B322-D20A-524A3C14AA6A}.Debug|x64.Build.0 = Debug|Any CPU
		{7C14ADBE-7355-B322-D20A-524A3C14AA6A}.Debug|x86.ActiveCfg = Debug|Any CPU
		{7C14ADBE-7355-B322-D20A-524A3C14AA6A}.Debug|x86.Build.0 = Debug|Any CPU
		{7C14ADBE-7355-B322-D20A-524A3C14AA6A}.Release|Any CPU.ActiveCfg = Release|Any CPU
		{7C14ADBE-7355-B322-D20A-524A3C14AA6A}.Release|Any CPU.Build.0 = Release|Any CPU
		{7C14ADBE-7355-B322-D20A-524A3C14AA6A}.Release|x64.ActiveCfg = Release|Any CPU
		{7C14ADBE-7355-B322-D20A-524A3C14AA6A}.Release|x64.Build.0 = Release|Any CPU
		{7C14ADBE-7355-B322-D20A-524A3C14AA6A}.Release|x86.ActiveCfg = Release|Any CPU
		{7C14ADBE-7355-B322-D20A-524A3C14AA6A}.Release|x86.Build.0 = Release|Any CPU
		{CABCE9DA-9FB5-897A-A40F-12397FE7FF83}.Debug|Any CPU.ActiveCfg = Debug|Any CPU
		{CABCE9DA-9FB5-897A-A40F-12397FE7FF83}.Debug|Any CPU.Build.0 = Debug|Any CPU
		{CABCE9DA-9FB5-897A-A40F-12397FE7FF83}.Debug|x64.ActiveCfg = Debug|Any CPU
		{CABCE9DA-9FB5-897A-A40F-12397FE7FF83}.Debug|x64.Build.0 = Debug|Any CPU
		{CABCE9DA-9FB5-897A-A40F-12397FE7FF83}.Debug|x86.ActiveCfg = Debug|Any CPU
		{CABCE9DA-9FB5-897A-A40F-12397FE7FF83}.Debug|x86.Build.0 = Debug|Any CPU
		{CABCE9DA-9FB5-897A-A40F-12397FE7FF83}.Release|Any CPU.ActiveCfg = Release|Any CPU
		{CABCE9DA-9FB5-897A-A40F-12397FE7FF83}.Release|Any CPU.Build.0 = Release|Any CPU
		{CABCE9DA-9FB5-897A-A40F-12397FE7FF83}.Release|x64.ActiveCfg = Release|Any CPU
		{CABCE9DA-9FB5-897A-A40F-12397FE7FF83}.Release|x64.Build.0 = Release|Any CPU
		{CABCE9DA-9FB5-897A-A40F-12397FE7FF83}.Release|x86.ActiveCfg = Release|Any CPU
		{CABCE9DA-9FB5-897A-A40F-12397FE7FF83}.Release|x86.Build.0 = Release|Any CPU
		{BE4D1B17-16DD-0F6F-AD6F-98F96CB0EC65}.Debug|Any CPU.ActiveCfg = Debug|Any CPU
		{BE4D1B17-16DD-0F6F-AD6F-98F96CB0EC65}.Debug|Any CPU.Build.0 = Debug|Any CPU
		{BE4D1B17-16DD-0F6F-AD6F-98F96CB0EC65}.Debug|x64.ActiveCfg = Debug|Any CPU
		{BE4D1B17-16DD-0F6F-AD6F-98F96CB0EC65}.Debug|x64.Build.0 = Debug|Any CPU
		{BE4D1B17-16DD-0F6F-AD6F-98F96CB0EC65}.Debug|x86.ActiveCfg = Debug|Any CPU
		{BE4D1B17-16DD-0F6F-AD6F-98F96CB0EC65}.Debug|x86.Build.0 = Debug|Any CPU
		{BE4D1B17-16DD-0F6F-AD6F-98F96CB0EC65}.Release|Any CPU.ActiveCfg = Release|Any CPU
		{BE4D1B17-16DD-0F6F-AD6F-98F96CB0EC65}.Release|Any CPU.Build.0 = Release|Any CPU
		{BE4D1B17-16DD-0F6F-AD6F-98F96CB0EC65}.Release|x64.ActiveCfg = Release|Any CPU
		{BE4D1B17-16DD-0F6F-AD6F-98F96CB0EC65}.Release|x64.Build.0 = Release|Any CPU
		{BE4D1B17-16DD-0F6F-AD6F-98F96CB0EC65}.Release|x86.ActiveCfg = Release|Any CPU
		{BE4D1B17-16DD-0F6F-AD6F-98F96CB0EC65}.Release|x86.Build.0 = Release|Any CPU
		{41C08B9F-CD9A-497B-1B34-6AD0EECB088B}.Debug|Any CPU.ActiveCfg = Debug|Any CPU
		{41C08B9F-CD9A-497B-1B34-6AD0EECB088B}.Debug|Any CPU.Build.0 = Debug|Any CPU
		{41C08B9F-CD9A-497B-1B34-6AD0EECB088B}.Debug|x64.ActiveCfg = Debug|Any CPU
		{41C08B9F-CD9A-497B-1B34-6AD0EECB088B}.Debug|x64.Build.0 = Debug|Any CPU
		{41C08B9F-CD9A-497B-1B34-6AD0EECB088B}.Debug|x86.ActiveCfg = Debug|Any CPU
		{41C08B9F-CD9A-497B-1B34-6AD0EECB088B}.Debug|x86.Build.0 = Debug|Any CPU
		{41C08B9F-CD9A-497B-1B34-6AD0EECB088B}.Release|Any CPU.ActiveCfg = Release|Any CPU
		{41C08B9F-CD9A-497B-1B34-6AD0EECB088B}.Release|Any CPU.Build.0 = Release|Any CPU
		{41C08B9F-CD9A-497B-1B34-6AD0EECB088B}.Release|x64.ActiveCfg = Release|Any CPU
		{41C08B9F-CD9A-497B-1B34-6AD0EECB088B}.Release|x64.Build.0 = Release|Any CPU
		{41C08B9F-CD9A-497B-1B34-6AD0EECB088B}.Release|x86.ActiveCfg = Release|Any CPU
		{41C08B9F-CD9A-497B-1B34-6AD0EECB088B}.Release|x86.Build.0 = Release|Any CPU
	EndGlobalSection
	GlobalSection(SolutionProperties) = preSolution
		HideSolutionNode = FALSE
	EndGlobalSection
	GlobalSection(NestedProjects) = preSolution
		{51D2AD37-A9EC-407E-ACE1-CE0EBB589C21} = {620FB910-4118-ABB0-407C-5BF54056B6CA}
		{4E98BAAB-9874-4B59-BD65-99A3F3E7CB80} = {620FB910-4118-ABB0-407C-5BF54056B6CA}
		{B0D1C373-86C5-4581-89E6-5AA83AB34521} = {620FB910-4118-ABB0-407C-5BF54056B6CA}
		{DCC0FDEC-5184-4ACD-B845-8B8D6AD62BBC} = {620FB910-4118-ABB0-407C-5BF54056B6CA}
		{1E02F2EA-AC87-48F5-BE2E-E61F535C6902} = {620FB910-4118-ABB0-407C-5BF54056B6CA}
		{CD536BF2-1A00-4573-97A3-381D90F518A1} = {C955133F-FFF9-0F20-8BDF-92066994E702}
		{D8D32D70-0EB1-4412-95FA-8E572A68A1C7} = {C955133F-FFF9-0F20-8BDF-92066994E702}
		{612EEA72-8D7F-4C98-AA5A-941C49063E5B} = {C955133F-FFF9-0F20-8BDF-92066994E702}
		{610ED2AF-D399-483E-8145-FCA619773E82} = {C955133F-FFF9-0F20-8BDF-92066994E702}
		{7600B092-B5E6-47F5-A98F-98C0E33DD572} = {C955133F-FFF9-0F20-8BDF-92066994E702}
		{32C5C3C4-14E8-412B-BEB0-4F55633B4AFC} = {3883A098-3032-D450-A8CD-57CD959B7C02}
		{3126A8A7-B711-410A-B615-6323714C1EC0} = {3883A098-3032-D450-A8CD-57CD959B7C02}
		{63D6C076-3C26-4D76-BDE0-A64A958A408C} = {3883A098-3032-D450-A8CD-57CD959B7C02}
		{D6FD5CED-7A05-4656-A133-CA6AD8C7F4FB} = {3883A098-3032-D450-A8CD-57CD959B7C02}
		{882636F9-FC37-47A8-9562-1E8B7EC5392D} = {3883A098-3032-D450-A8CD-57CD959B7C02}
		{4E815E0A-43F2-4E4E-8912-9789ABF01782} = {AE4121C3-3648-A877-428C-FE25BB8864A3}
		{84464721-F46D-49BA-A437-CC3FA489F49B} = {AE4121C3-3648-A877-428C-FE25BB8864A3}
		{5997EB81-79C8-43D3-A767-C864453E0DD1} = {AE4121C3-3648-A877-428C-FE25BB8864A3}
		{E3534EEE-7A1E-459D-919A-CCCC1C3BAC60} = {AE4121C3-3648-A877-428C-FE25BB8864A3}
		{E6B9FCE7-D4EA-4EF7-9312-CDAA2A5038C0} = {AE4121C3-3648-A877-428C-FE25BB8864A3}
		{5CD39FF8-CD86-4A98-8183-BB89E25B0EA0} = {9D336D58-06C2-9902-02CD-1CE8C0AA54EA}
		{030BF846-8B63-4885-B38C-82371B7ED2E2} = {9D336D58-06C2-9902-02CD-1CE8C0AA54EA}
		{8DBF1B45-BDDC-4B91-9BB1-E815F0063CD6} = {9D336D58-06C2-9902-02CD-1CE8C0AA54EA}
		{D0C00404-FB8F-4553-B3D9-B1342D70D4E2} = {9D336D58-06C2-9902-02CD-1CE8C0AA54EA}
		{876F0D24-8B17-425C-B3C4-EE7ECBA61992} = {9D336D58-06C2-9902-02CD-1CE8C0AA54EA}
		{5409D23F-417B-4187-88E9-FC244D969452} = {9322E270-724D-8072-3052-5D80E5F67771}
		{49662DED-A009-4B8D-BEAF-7603E9E18E5A} = {9322E270-724D-8072-3052-5D80E5F67771}
		{6297B4B0-4A8B-4B5B-B5FF-F42754ED1D53} = {9322E270-724D-8072-3052-5D80E5F67771}
		{A7CA9E35-5311-4679-AEDF-B5F026C32F13} = {9322E270-724D-8072-3052-5D80E5F67771}
		{83CAB729-B9AC-4CF7-82A2-26FC02D03FB0} = {9322E270-724D-8072-3052-5D80E5F67771}
		{7C14ADBE-7355-B322-D20A-524A3C14AA6A} = {02EA681E-C7D8-13C7-8484-4AC65E1B71E8}
		{CABCE9DA-9FB5-897A-A40F-12397FE7FF83} = {02EA681E-C7D8-13C7-8484-4AC65E1B71E8}
		{BE4D1B17-16DD-0F6F-AD6F-98F96CB0EC65} = {02EA681E-C7D8-13C7-8484-4AC65E1B71E8}
		{41C08B9F-CD9A-497B-1B34-6AD0EECB088B} = {02EA681E-C7D8-13C7-8484-4AC65E1B71E8}
	EndGlobalSection
	GlobalSection(ExtensibilityGlobals) = postSolution
		SolutionGuid = {8B60EEF4-6DE6-4C5E-957F-B750C79FE829}
	EndGlobalSection
EndGlobal
